
Microsoft Visual Studio Solution File, Format Version 12.00
# Visual Studio Version 17
VisualStudioVersion = 17.13.35825.156 d17.13
MinimumVisualStudioVersion = 10.0.40219.1
Project("{FAE04EC0-301F-11D3-BF4B-00C04F79EFBC}") = "1150080068_TranMinhNhat_Buoi8_Lab6", "1150080068_TranMinhNhat_Buoi8_Lab6.csproj", "{97414A5E-0166-49D8-A0D3-727E2F34576D}"
EndProject
Global
	GlobalSection(SolutionConfigurationPlatforms) = preSolution
		Debug|Any CPU = Debug|Any CPU
		Release|Any CPU = Release|Any CPU
	EndGlobalSection
	GlobalSection(ProjectConfigurationPlatforms) = postSolution
		{97414A5E-0166-49D8-A0D3-727E2F34576D}.Debug|Any CPU.ActiveCfg = Debug|Any CPU
		{97414A5E-0166-49D8-A0D3-727E2F34576D}.Debug|Any CPU.Build.0 = Debug|Any CPU
		{97414A5E-0166-49D8-A0D3-727E2F34576D}.Release|Any CPU.ActiveCfg = Release|Any CPU
		{97414A5E-0166-49D8-A0D3-727E2F34576D}.Release|Any CPU.Build.0 = Release|Any CPU
	EndGlobalSection
	GlobalSection(SolutionProperties) = preSolution
		HideSolutionNode = FALSE
	EndGlobalSection
	GlobalSection(ExtensibilityGlobals) = postSolution
		SolutionGuid = {5024954C-C4C5-483E-AB3D-8326D06CE6FF}
	EndGlobalSection
EndGlobal
