
Microsoft Visual Studio Solution File, Format Version 12.00
# Visual Studio Version 17
VisualStudioVersion = 17.13.35825.156
MinimumVisualStudioVersion = 10.0.40219.1
Project("{FAE04EC0-301F-11D3-BF4B-00C04F79EFBC}") = "1150080068_TranMinhNhat_BTtuan5", "1150080068_TranMinhNhat_BTtuan5.csproj", "{33577611-DE2C-450C-A0FD-5B2E8E8C8B8C}"
EndProject
Global
	GlobalSection(SolutionConfigurationPlatforms) = preSolution
		Debug|Any CPU = Debug|Any CPU
		Release|Any CPU = Release|Any CPU
	EndGlobalSection
	GlobalSection(ProjectConfigurationPlatforms) = postSolution
		{33577611-DE2C-450C-A0FD-5B2E8E8C8B8C}.Debug|Any CPU.ActiveCfg = Debug|Any CPU
		{33577611-DE2C-450C-A0FD-5B2E8E8C8B8C}.Debug|Any CPU.Build.0 = Debug|Any CPU
		{33577611-DE2C-450C-A0FD-5B2E8E8C8B8C}.Release|Any CPU.ActiveCfg = Release|Any CPU
		{33577611-DE2C-450C-A0FD-5B2E8E8C8B8C}.Release|Any CPU.Build.0 = Release|Any CPU
	EndGlobalSection
	GlobalSection(SolutionProperties) = preSolution
		HideSolutionNode = FALSE
	EndGlobalSection
	GlobalSection(ExtensibilityGlobals) = postSolution
		SolutionGuid = {2896C8CB-52B0-4137-B584-CDBE1C3639AB}
	EndGlobalSection
EndGlobal
